
Microsoft Visual Studio Solution File, Format Version 12.00
# Visual Studio Version 17
VisualStudioVersion = 17.1.32210.238
MinimumVisualStudioVersion = 10.0.40219.1
Project("{FAE04EC0-301F-11D3-BF4B-00C04F79EFBC}") = "Habit_Tracker", "Habit_Tracker\Habit_Tracker.csproj", "{B0E7E12D-D86F-4052-81B7-004E5EAFBF55}"
EndProject
Global
	GlobalSection(SolutionConfigurationPlatforms) = preSolution
		Debug|Any CPU = Debug|Any CPU
		Release|Any CPU = Release|Any CPU
	EndGlobalSection
	GlobalSection(ProjectConfigurationPlatforms) = postSolution
		{B0E7E12D-D86F-4052-81B7-004E5EAFBF55}.Debug|Any CPU.ActiveCfg = Debug|Any CPU
		{B0E7E12D-D86F-4052-81B7-004E5EAFBF55}.Debug|Any CPU.Build.0 = Debug|Any CPU
		{B0E7E12D-D86F-4052-81B7-004E5EAFBF55}.Release|Any CPU.ActiveCfg = Release|Any CPU
		{B0E7E12D-D86F-4052-81B7-004E5EAFBF55}.Release|Any CPU.Build.0 = Release|Any CPU
	EndGlobalSection
	GlobalSection(SolutionProperties) = preSolution
		HideSolutionNode = FALSE
	EndGlobalSection
	GlobalSection(ExtensibilityGlobals) = postSolution
		SolutionGuid = {56BDC041-C796-4EF4-98CB-C7C83F84F653}
	EndGlobalSection
EndGlobal
